
Microsoft Visual Studio Solution File, Format Version 12.00
# Visual Studio 15
VisualStudioVersion = 15.0.27703.2000
MinimumVisualStudioVersion = 10.0.40219.1
Project("{FAE04EC0-301F-11D3-BF4B-00C04F79EFBC}") = "Univesity", "Univesity\Univesity.csproj", "{1FAD82A7-0F96-49FF-8B0E-D379BD1D55B5}"
EndProject
Global
	GlobalSection(SolutionConfigurationPlatforms) = preSolution
		Debug|Any CPU = Debug|Any CPU
		Release|Any CPU = Release|Any CPU
	EndGlobalSection
	GlobalSection(ProjectConfigurationPlatforms) = postSolution
		{1FAD82A7-0F96-49FF-8B0E-D379BD1D55B5}.Debug|Any CPU.ActiveCfg = Debug|Any CPU
		{1FAD82A7-0F96-49FF-8B0E-D379BD1D55B5}.Debug|Any CPU.Build.0 = Debug|Any CPU
		{1FAD82A7-0F96-49FF-8B0E-D379BD1D55B5}.Release|Any CPU.ActiveCfg = Release|Any CPU
		{1FAD82A7-0F96-49FF-8B0E-D379BD1D55B5}.Release|Any CPU.Build.0 = Release|Any CPU
	EndGlobalSection
	GlobalSection(SolutionProperties) = preSolution
		HideSolutionNode = FALSE
	EndGlobalSection
	GlobalSection(ExtensibilityGlobals) = postSolution
		SolutionGuid = {50965338-0A3A-4D3F-94C3-78ED81A1D7A2}
	EndGlobalSection
EndGlobal
